Microsoft Visual Studio Solution File, Format Version 12.00
# Visual Studio Version 17
VisualStudioVersion = 17.0.31903.59
MinimumVisualStudioVersion = 10.0.40219.1
Project("{FAE04EC0-301F-11D3-BF4B-00C04F79EFBC}") = "Handlezer.Api", "src\Handlezer.Api\Handlezer.Api.csproj", "{8DBDA4F9-7D9B-4B58-92F8-294482F7C0C9}"
EndProject
Project("{FAE04EC0-301F-11D3-BF4B-00C04F79EFBC}") = "Handlezer.Tests", "tests\Handlezer.Tests\Handlezer.Tests.csproj", "{E583F81E-B600-4E19-A606-29B422937FC0}"
EndProject
Global
	GlobalSection(SolutionConfigurationPlatforms) = preSolution
		Debug|Any CPU = Debug|Any CPU
		Release|Any CPU = Release|Any CPU
	EndGlobalSection
	GlobalSection(ProjectConfigurationPlatforms) = postSolution
		{8DBDA4F9-7D9B-4B58-92F8-294482F7C0C9}.Debug|Any CPU.ActiveCfg = Debug|Any CPU
		{8DBDA4F9-7D9B-4B58-92F8-294482F7C0C9}.Debug|Any CPU.Build.0 = Debug|Any CPU
		{8DBDA4F9-7D9B-4B58-92F8-294482F7C0C9}.Release|Any CPU.ActiveCfg = Release|Any CPU
		{8DBDA4F9-7D9B-4B58-92F8-294482F7C0C9}.Release|Any CPU.Build.0 = Release|Any CPU
		{E583F81E-B600-4E19-A606-29B422937FC0}.Debug|Any CPU.ActiveCfg = Debug|Any CPU
		{E583F81E-B600-4E19-A606-29B422937FC0}.Debug|Any CPU.Build.0 = Debug|Any CPU
		{E583F81E-B600-4E19-A606-29B422937FC0}.Release|Any CPU.ActiveCfg = Release|Any CPU
		{E583F81E-B600-4E19-A606-29B422937FC0}.Release|Any CPU.Build.0 = Release|Any CPU
	EndGlobalSection
	GlobalSection(SolutionProperties) = preSolution
		HideSolutionNode = FALSE
	EndGlobalSection
EndGlobal